
Microsoft Visual Studio Solution File, Format Version 12.00
# Visual Studio 15
VisualStudioVersion = 15.0.26124.0
MinimumVisualStudioVersion = 15.0.26124.0
Project("{FAE04EC0-301F-11D3-BF4B-00C04F79EFBC}") = "App", "App\App.csproj", "{6146ED77-A63F-4F27-8FD1-A730E9DBB41A}"
EndProject
Project("{FAE04EC0-301F-11D3-BF4B-00C04F79EFBC}") = "Classes", "Classes\Classes.csproj", "{D82BE0CB-834D-409D-BC62-7CBBB2DC73C4}"
EndProject
Global
	GlobalSection(SolutionConfigurationPlatforms) = preSolution
		Debug|Any CPU = Debug|Any CPU
		Debug|x64 = Debug|x64
		Debug|x86 = Debug|x86
		Release|Any CPU = Release|Any CPU
		Release|x64 = Release|x64
		Release|x86 = Release|x86
	EndGlobalSection
	GlobalSection(SolutionProperties) = preSolution
		HideSolutionNode = FALSE
	EndGlobalSection
	GlobalSection(ProjectConfigurationPlatforms) = postSolution
		{6146ED77-A63F-4F27-8FD1-A730E9DBB41A}.Debug|Any CPU.ActiveCfg = Debug|Any CPU
		{6146ED77-A63F-4F27-8FD1-A730E9DBB41A}.Debug|Any CPU.Build.0 = Debug|Any CPU
		{6146ED77-A63F-4F27-8FD1-A730E9DBB41A}.Debug|x64.ActiveCfg = Debug|Any CPU
		{6146ED77-A63F-4F27-8FD1-A730E9DBB41A}.Debug|x64.Build.0 = Debug|Any CPU
		{6146ED77-A63F-4F27-8FD1-A730E9DBB41A}.Debug|x86.ActiveCfg = Debug|Any CPU
		{6146ED77-A63F-4F27-8FD1-A730E9DBB41A}.Debug|x86.Build.0 = Debug|Any CPU
		{6146ED77-A63F-4F27-8FD1-A730E9DBB41A}.Release|Any CPU.ActiveCfg = Release|Any CPU
		{6146ED77-A63F-4F27-8FD1-A730E9DBB41A}.Release|Any CPU.Build.0 = Release|Any CPU
		{6146ED77-A63F-4F27-8FD1-A730E9DBB41A}.Release|x64.ActiveCfg = Release|Any CPU
		{6146ED77-A63F-4F27-8FD1-A730E9DBB41A}.Release|x64.Build.0 = Release|Any CPU
		{6146ED77-A63F-4F27-8FD1-A730E9DBB41A}.Release|x86.ActiveCfg = Release|Any CPU
		{6146ED77-A63F-4F27-8FD1-A730E9DBB41A}.Release|x86.Build.0 = Release|Any CPU
		{D82BE0CB-834D-409D-BC62-7CBBB2DC73C4}.Debug|Any CPU.ActiveCfg = Debug|Any CPU
		{D82BE0CB-834D-409D-BC62-7CBBB2DC73C4}.Debug|Any CPU.Build.0 = Debug|Any CPU
		{D82BE0CB-834D-409D-BC62-7CBBB2DC73C4}.Debug|x64.ActiveCfg = Debug|Any CPU
		{D82BE0CB-834D-409D-BC62-7CBBB2DC73C4}.Debug|x64.Build.0 = Debug|Any CPU
		{D82BE0CB-834D-409D-BC62-7CBBB2DC73C4}.Debug|x86.ActiveCfg = Debug|Any CPU
		{D82BE0CB-834D-409D-BC62-7CBBB2DC73C4}.Debug|x86.Build.0 = Debug|Any CPU
		{D82BE0CB-834D-409D-BC62-7CBBB2DC73C4}.Release|Any CPU.ActiveCfg = Release|Any CPU
		{D82BE0CB-834D-409D-BC62-7CBBB2DC73C4}.Release|Any CPU.Build.0 = Release|Any CPU
		{D82BE0CB-834D-409D-BC62-7CBBB2DC73C4}.Release|x64.ActiveCfg = Release|Any CPU
		{D82BE0CB-834D-409D-BC62-7CBBB2DC73C4}.Release|x64.Build.0 = Release|Any CPU
		{D82BE0CB-834D-409D-BC62-7CBBB2DC73C4}.Release|x86.ActiveCfg = Release|Any CPU
		{D82BE0CB-834D-409D-BC62-7CBBB2DC73C4}.Release|x86.Build.0 = Release|Any CPU
	EndGlobalSection
EndGlobal
